
Microsoft Visual Studio Solution File, Format Version 12.00
# Visual Studio Version 17
VisualStudioVersion = 17.6.33829.357
MinimumVisualStudioVersion = 10.0.40219.1
Project("{FAE04EC0-301F-11D3-BF4B-00C04F79EFBC}") = "Ejercicio1", "Ejercicio1\Ejercicio1.csproj", "{4E8E24F8-5570-4CB5-9E8E-4887DBFBDB45}"
EndProject
Project("{FAE04EC0-301F-11D3-BF4B-00C04F79EFBC}") = "Ejercicio2", "Ejercicio2\Ejercicio2.csproj", "{8403F126-E79E-43E9-A298-9BA8C2641E7A}"
EndProject
Global
	GlobalSection(SolutionConfigurationPlatforms) = preSolution
		Debug|Any CPU = Debug|Any CPU
		Release|Any CPU = Release|Any CPU
	EndGlobalSection
	GlobalSection(ProjectConfigurationPlatforms) = postSolution
		{4E8E24F8-5570-4CB5-9E8E-4887DBFBDB45}.Debug|Any CPU.ActiveCfg = Debug|Any CPU
		{4E8E24F8-5570-4CB5-9E8E-4887DBFBDB45}.Debug|Any CPU.Build.0 = Debug|Any CPU
		{4E8E24F8-5570-4CB5-9E8E-4887DBFBDB45}.Release|Any CPU.ActiveCfg = Release|Any CPU
		{4E8E24F8-5570-4CB5-9E8E-4887DBFBDB45}.Release|Any CPU.Build.0 = Release|Any CPU
		{8403F126-E79E-43E9-A298-9BA8C2641E7A}.Debug|Any CPU.ActiveCfg = Debug|Any CPU
		{8403F126-E79E-43E9-A298-9BA8C2641E7A}.Debug|Any CPU.Build.0 = Debug|Any CPU
		{8403F126-E79E-43E9-A298-9BA8C2641E7A}.Release|Any CPU.ActiveCfg = Release|Any CPU
		{8403F126-E79E-43E9-A298-9BA8C2641E7A}.Release|Any CPU.Build.0 = Release|Any CPU
	EndGlobalSection
	GlobalSection(SolutionProperties) = preSolution
		HideSolutionNode = FALSE
	EndGlobalSection
	GlobalSection(ExtensibilityGlobals) = postSolution
		SolutionGuid = {49BDFB42-1FAB-4280-B528-36D815FC7B08}
	EndGlobalSection
EndGlobal
